// !$*UTF8*$!
{
	archiveVersion = 1;
	classes = {
	};
	objectVersion = 51;
	objects = {

/* Begin PBXBuildFile section */
		5FD3C65337805C3F31AB686C /* Pods_TargetsCheck_Debug.framework in Frameworks */ = {isa = PBXBuildFile; fileRef = A6E5271387E79E88BB0533F2 /* Pods_TargetsCheck_Debug.framework */; };
		90CEA965234CF92B00F27354 /* fastlane in Resources */ = {isa = PBXBuildFile; fileRef = 90CEA964234CF92B00F27354 /* fastlane */; };
		90CEA967234CF92B00F27354 /* ci in Resources */ = {isa = PBXBuildFile; fileRef = 90CEA966234CF92B00F27354 /* ci */; };
		90CEA969234CF92B00F27354 /* Podfile in Resources */ = {isa = PBXBuildFile; fileRef = 90CEA968234CF92B00F27354 /* Podfile */; };
		90CEA96B234CF92B00F27354 /* .gitignore in Resources */ = {isa = PBXBuildFile; fileRef = 90CEA96A234CF92B00F27354 /* .gitignore */; };
		90CEA98D234CF92B00F27354 /* LaunchScreen.xib in Resources */ = {isa = PBXBuildFile; fileRef = 90CEA98C234CF92B00F27354 /* LaunchScreen.xib */; };
		90CEA98F234CF92B00F27354 /* Assets.xcassets in Resources */ = {isa = PBXBuildFile; fileRef = 90CEA98E234CF92B00F27354 /* Assets.xcassets */; };
		90CEA991234CF92B00F27354 /* AppDelegate.swift in Sources */ = {isa = PBXBuildFile; fileRef = 90CEA990234CF92B00F27354 /* AppDelegate.swift */; };
		90CEA995234CF92B00F27354 /* Localizable.strings in Resources */ = {isa = PBXBuildFile; fileRef = 90CEA994234CF92B00F27354 /* Localizable.strings */; };
		90CEA997234CF92B00F27354 /* Assets.swift in Sources */ = {isa = PBXBuildFile; fileRef = 90CEA996234CF92B00F27354 /* Assets.swift */; };
		90CEA999234CF92B00F27354 /* Fonts.swift in Sources */ = {isa = PBXBuildFile; fileRef = 90CEA998234CF92B00F27354 /* Fonts.swift */; };
		90CEA99B234CF92B00F27354 /* Strings.swift in Sources */ = {isa = PBXBuildFile; fileRef = 90CEA99A234CF92B00F27354 /* Strings.swift */; };
		90CEA99E234CF92B00F27354 /* Colors.swift in Sources */ = {isa = PBXBuildFile; fileRef = 90CEA99D234CF92B00F27354 /* Colors.swift */; };
		90CEA9A0234CF92B00F27354 /* swiftgen.yml in Resources */ = {isa = PBXBuildFile; fileRef = 90CEA99F234CF92B00F27354 /* swiftgen.yml */; };
		90CEA9A2234CF92B00F27354 /* .swiftlint.yml in Resources */ = {isa = PBXBuildFile; fileRef = 90CEA9A1234CF92B00F27354 /* .swiftlint.yml */; };
		90CEA9A7234CF92B00F27354 /* BaseCoordinator.swift in Sources */ = {isa = PBXBuildFile; fileRef = 90CEA9A6234CF92B00F27354 /* BaseCoordinator.swift */; };
		90CEA9AA234CF92B00F27354 /* UIApplication.swift in Sources */ = {isa = PBXBuildFile; fileRef = 90CEA9A9234CF92B00F27354 /* UIApplication.swift */; };
		90CEA9AC234CF92B00F27354 /* Coordinator.swift in Sources */ = {isa = PBXBuildFile; fileRef = 90CEA9AB234CF92B00F27354 /* Coordinator.swift */; };
		90CEA9AE234CF92B00F27354 /* Presentable.swift in Sources */ = {isa = PBXBuildFile; fileRef = 90CEA9AD234CF92B00F27354 /* Presentable.swift */; };
		90CEA9B0234CF92B00F27354 /* Router.swift in Sources */ = {isa = PBXBuildFile; fileRef = 90CEA9AF234CF92B00F27354 /* Router.swift */; };
		90CEA9B2234CF92B00F27354 /* MainRouter.swift in Sources */ = {isa = PBXBuildFile; fileRef = 90CEA9B1234CF92B00F27354 /* MainRouter.swift */; };
		90CEA9B4234CF92B00F27354 /* DeepLinkOption.swift in Sources */ = {isa = PBXBuildFile; fileRef = 90CEA9B3234CF92B00F27354 /* DeepLinkOption.swift */; };
		90CEA9C1234CF92B00F27354 /* TargetsCheckTests.swift in Sources */ = {isa = PBXBuildFile; fileRef = 90CEA9C0234CF92B00F27354 /* TargetsCheckTests.swift */; };
		90CEA9C6234CF92B00F27354 /* XCTestCase.swift in Sources */ = {isa = PBXBuildFile; fileRef = 90CEA9C5234CF92B00F27354 /* XCTestCase.swift */; };
		90F0FE44234E395700E6E46B /* Coordinator.swift in Sources */ = {isa = PBXBuildFile; fileRef = 90CEA9AB234CF92B00F27354 /* Coordinator.swift */; };
		90F0FE45234E395700E6E46B /* Assets.swift in Sources */ = {isa = PBXBuildFile; fileRef = 90CEA996234CF92B00F27354 /* Assets.swift */; };
		90F0FE46234E395700E6E46B /* Router.swift in Sources */ = {isa = PBXBuildFile; fileRef = 90CEA9AF234CF92B00F27354 /* Router.swift */; };
		90F0FE47234E395700E6E46B /* UIApplication.swift in Sources */ = {isa = PBXBuildFile; fileRef = 90CEA9A9234CF92B00F27354 /* UIApplication.swift */; };
		90F0FE48234E395700E6E46B /* DeepLinkOption.swift in Sources */ = {isa = PBXBuildFile; fileRef = 90CEA9B3234CF92B00F27354 /* DeepLinkOption.swift */; };
		90F0FE49234E395700E6E46B /* BaseCoordinator.swift in Sources */ = {isa = PBXBuildFile; fileRef = 90CEA9A6234CF92B00F27354 /* BaseCoordinator.swift */; };
		90F0FE4A234E395700E6E46B /* Colors.swift in Sources */ = {isa = PBXBuildFile; fileRef = 90CEA99D234CF92B00F27354 /* Colors.swift */; };
		90F0FE4B234E395700E6E46B /* Fonts.swift in Sources */ = {isa = PBXBuildFile; fileRef = 90CEA998234CF92B00F27354 /* Fonts.swift */; };
		90F0FE4C234E395700E6E46B /* Strings.swift in Sources */ = {isa = PBXBuildFile; fileRef = 90CEA99A234CF92B00F27354 /* Strings.swift */; };
		90F0FE4D234E395700E6E46B /* AppDelegate.swift in Sources */ = {isa = PBXBuildFile; fileRef = 90CEA990234CF92B00F27354 /* AppDelegate.swift */; };
		90F0FE4E234E395700E6E46B /* MainRouter.swift in Sources */ = {isa = PBXBuildFile; fileRef = 90CEA9B1234CF92B00F27354 /* MainRouter.swift */; };
		90F0FE4F234E395700E6E46B /* Presentable.swift in Sources */ = {isa = PBXBuildFile; fileRef = 90CEA9AD234CF92B00F27354 /* Presentable.swift */; };
		90F0FE53234E395700E6E46B /* .swiftlint.yml in Resources */ = {isa = PBXBuildFile; fileRef = 90CEA9A1234CF92B00F27354 /* .swiftlint.yml */; };
		90F0FE54234E395700E6E46B /* LaunchScreen.xib in Resources */ = {isa = PBXBuildFile; fileRef = 90CEA98C234CF92B00F27354 /* LaunchScreen.xib */; };
		90F0FE55234E395700E6E46B /* .gitignore in Resources */ = {isa = PBXBuildFile; fileRef = 90CEA96A234CF92B00F27354 /* .gitignore */; };
		90F0FE56234E395700E6E46B /* Podfile in Resources */ = {isa = PBXBuildFile; fileRef = 90CEA968234CF92B00F27354 /* Podfile */; };
		90F0FE57234E395700E6E46B /* swiftgen.yml in Resources */ = {isa = PBXBuildFile; fileRef = 90CEA99F234CF92B00F27354 /* swiftgen.yml */; };
		90F0FE58234E395700E6E46B /* Localizable.strings in Resources */ = {isa = PBXBuildFile; fileRef = 90CEA994234CF92B00F27354 /* Localizable.strings */; };
		90F0FE59234E395700E6E46B /* ci in Resources */ = {isa = PBXBuildFile; fileRef = 90CEA966234CF92B00F27354 /* ci */; };
		90F0FE5A234E395700E6E46B /* Assets.xcassets in Resources */ = {isa = PBXBuildFile; fileRef = 90CEA98E234CF92B00F27354 /* Assets.xcassets */; };
		90F0FE5B234E395700E6E46B /* fastlane in Resources */ = {isa = PBXBuildFile; fileRef = 90CEA964234CF92B00F27354 /* fastlane */; };
		AB907D3491AC0F528F2A3B6E /* Pods_TargetsCheck.framework in Frameworks */ = {isa = PBXBuildFile; fileRef = FDC160FCB1400517DB845E7E /* Pods_TargetsCheck.framework */; };
/* End PBXBuildFile section */

/* Begin PBXContainerItemProxy section */
		90CEA9BD234CF92B00F27354 /* PBXContainerItemProxy */ = {
			isa = PBXContainerItemProxy;
			containerPortal = 90CEA956234CF92B00F27354 /* Project object */;
			proxyType = 1;
			remoteGlobalIDString = 90CEA95F234CF92B00F27354;
			remoteInfo = TargetsCheck;
		};
/* End PBXContainerItemProxy section */

/* Begin PBXFileReference section */
		13181238C29A0F2DEEE88884 /* Pods-TargetsCheck Debug.debug.xcconfig */ = {isa = PBXFileReference; includeInIndex = 1; lastKnownFileType = text.xcconfig; name = "Pods-TargetsCheck Debug.debug.xcconfig"; path = "Target Support Files/Pods-TargetsCheck Debug/Pods-TargetsCheck Debug.debug.xcconfig"; sourceTree = "<group>"; };
		8A6D35225EF03CDE6EAF994E /* Pods-TargetsCheck Debug.release.xcconfig */ = {isa = PBXFileReference; includeInIndex = 1; lastKnownFileType = text.xcconfig; name = "Pods-TargetsCheck Debug.release.xcconfig"; path = "Target Support Files/Pods-TargetsCheck Debug/Pods-TargetsCheck Debug.release.xcconfig"; sourceTree = "<group>"; };
		90CEA960234CF92B00F27354 /* TargetsCheck.app */ = {isa = PBXFileReference; explicitFileType = wrapper.application; includeInIndex = 0; path = TargetsCheck.app; sourceTree = BUILT_PRODUCTS_DIR; };
		90CEA964234CF92B00F27354 /* fastlane */ = {isa = PBXFileReference; lastKnownFileType = folder; name = fastlane; path = ../../fastlane; sourceTree = "<group>"; };
		90CEA966234CF92B00F27354 /* ci */ = {isa = PBXFileReference; lastKnownFileType = folder; name = ci; path = ../../ci; sourceTree = "<group>"; };
		90CEA968234CF92B00F27354 /* Podfile */ = {isa = PBXFileReference; lastKnownFileType = text; name = Podfile; path = ../../Podfile; sourceTree = "<group>"; };
		90CEA96A234CF92B00F27354 /* .gitignore */ = {isa = PBXFileReference; lastKnownFileType = text; name = .gitignore; path = ../../.gitignore; sourceTree = "<group>"; };
		90CEA96D234CF92B00F27354 /* .gitkeep */ = {isa = PBXFileReference; lastKnownFileType = text; path = .gitkeep; sourceTree = "<group>"; };
		90CEA96F234CF92B00F27354 /* .gitkeep */ = {isa = PBXFileReference; lastKnownFileType = text; path = .gitkeep; sourceTree = "<group>"; };
		90CEA972234CF92B00F27354 /* .gitkeep */ = {isa = PBXFileReference; lastKnownFileType = text; path = .gitkeep; sourceTree = "<group>"; };
		90CEA974234CF92B00F27354 /* .gitkeep */ = {isa = PBXFileReference; lastKnownFileType = text; path = .gitkeep; sourceTree = "<group>"; };
		90CEA976234CF92B00F27354 /* .gitkeep */ = {isa = PBXFileReference; lastKnownFileType = text; path = .gitkeep; sourceTree = "<group>"; };
		90CEA978234CF92B00F27354 /* .gitkeep */ = {isa = PBXFileReference; lastKnownFileType = text; path = .gitkeep; sourceTree = "<group>"; };
		90CEA97B234CF92B00F27354 /* .gitkeep */ = {isa = PBXFileReference; lastKnownFileType = text; path = .gitkeep; sourceTree = "<group>"; };
		90CEA97D234CF92B00F27354 /* .gitkeep */ = {isa = PBXFileReference; lastKnownFileType = text; path = .gitkeep; sourceTree = "<group>"; };
		90CEA980234CF92B00F27354 /* .gitkeep */ = {isa = PBXFileReference; lastKnownFileType = text; path = .gitkeep; sourceTree = "<group>"; };
		90CEA982234CF92B00F27354 /* .gitkeep */ = {isa = PBXFileReference; lastKnownFileType = text; path = .gitkeep; sourceTree = "<group>"; };
		90CEA984234CF92B00F27354 /* .gitkeep */ = {isa = PBXFileReference; lastKnownFileType = text; path = .gitkeep; sourceTree = "<group>"; };
		90CEA986234CF92B00F27354 /* .gitkeep */ = {isa = PBXFileReference; lastKnownFileType = text; path = .gitkeep; sourceTree = "<group>"; };
		90CEA988234CF92B00F27354 /* .gitkeep */ = {isa = PBXFileReference; lastKnownFileType = text; path = .gitkeep; sourceTree = "<group>"; };
		90CEA98A234CF92B00F27354 /* .gitkeep */ = {isa = PBXFileReference; lastKnownFileType = text; path = .gitkeep; sourceTree = "<group>"; };
		90CEA98C234CF92B00F27354 /* LaunchScreen.xib */ = {isa = PBXFileReference; lastKnownFileType = file.xib; path = LaunchScreen.xib; sourceTree = "<group>"; };
		90CEA98E234CF92B00F27354 /* Assets.xcassets */ = {isa = PBXFileReference; lastKnownFileType = folder.assetcatalog; path = Assets.xcassets; sourceTree = "<group>"; };
		90CEA990234CF92B00F27354 /* AppDelegate.swift */ = {isa = PBXFileReference; lastKnownFileType = sourcecode.swift; path = AppDelegate.swift; sourceTree = "<group>"; };
		90CEA993234CF92B00F27354 /* .gitkeep */ = {isa = PBXFileReference; lastKnownFileType = text; path = .gitkeep; sourceTree = "<group>"; };
		90CEA994234CF92B00F27354 /* Localizable.strings */ = {isa = PBXFileReference; lastKnownFileType = text.plist.strings; path = Localizable.strings; sourceTree = "<group>"; };
		90CEA996234CF92B00F27354 /* Assets.swift */ = {isa = PBXFileReference; lastKnownFileType = sourcecode.swift; path = Assets.swift; sourceTree = "<group>"; };
		90CEA998234CF92B00F27354 /* Fonts.swift */ = {isa = PBXFileReference; lastKnownFileType = sourcecode.swift; path = Fonts.swift; sourceTree = "<group>"; };
		90CEA99A234CF92B00F27354 /* Strings.swift */ = {isa = PBXFileReference; lastKnownFileType = sourcecode.swift; path = Strings.swift; sourceTree = "<group>"; };
		90CEA99D234CF92B00F27354 /* Colors.swift */ = {isa = PBXFileReference; lastKnownFileType = sourcecode.swift; path = Colors.swift; sourceTree = "<group>"; };
		90CEA99F234CF92B00F27354 /* swiftgen.yml */ = {isa = PBXFileReference; lastKnownFileType = text.yaml; name = swiftgen.yml; path = ../../swiftgen.yml; sourceTree = "<group>"; };
		90CEA9A1234CF92B00F27354 /* .swiftlint.yml */ = {isa = PBXFileReference; lastKnownFileType = text.yaml; name = .swiftlint.yml; path = ../../.swiftlint.yml; sourceTree = "<group>"; };
		90CEA9A3234CF92B00F27354 /* Gemfile */ = {isa = PBXFileReference; lastKnownFileType = text; name = Gemfile; path = ../../Gemfile; sourceTree = "<group>"; };
		90CEA9A4234CF92B00F27354 /* commit-msg */ = {isa = PBXFileReference; lastKnownFileType = text; name = "commit-msg"; path = "../../commit-msg"; sourceTree = "<group>"; };
		90CEA9A5234CF92B00F27354 /* README.md */ = {isa = PBXFileReference; lastKnownFileType = net.daringfireball.markdown; name = README.md; path = ../../README.md; sourceTree = "<group>"; };
		90CEA9A6234CF92B00F27354 /* BaseCoordinator.swift */ = {isa = PBXFileReference; lastKnownFileType = sourcecode.swift; path = BaseCoordinator.swift; sourceTree = "<group>"; };
		90CEA9A9234CF92B00F27354 /* UIApplication.swift */ = {isa = PBXFileReference; lastKnownFileType = sourcecode.swift; path = UIApplication.swift; sourceTree = "<group>"; };
		90CEA9AB234CF92B00F27354 /* Coordinator.swift */ = {isa = PBXFileReference; lastKnownFileType = sourcecode.swift; path = Coordinator.swift; sourceTree = "<group>"; };
		90CEA9AD234CF92B00F27354 /* Presentable.swift */ = {isa = PBXFileReference; lastKnownFileType = sourcecode.swift; path = Presentable.swift; sourceTree = "<group>"; };
		90CEA9AF234CF92B00F27354 /* Router.swift */ = {isa = PBXFileReference; lastKnownFileType = sourcecode.swift; path = Router.swift; sourceTree = "<group>"; };
		90CEA9B1234CF92B00F27354 /* MainRouter.swift */ = {isa = PBXFileReference; lastKnownFileType = sourcecode.swift; path = MainRouter.swift; sourceTree = "<group>"; };
		90CEA9B3234CF92B00F27354 /* DeepLinkOption.swift */ = {isa = PBXFileReference; lastKnownFileType = sourcecode.swift; path = DeepLinkOption.swift; sourceTree = "<group>"; };
		90CEA9B5234CF92B00F27354 /* Makefile */ = {isa = PBXFileReference; lastKnownFileType = sourcecode.make; name = Makefile; path = ../../Makefile; sourceTree = "<group>"; };
		90CEA9B6234CF92B00F27354 /* Rambafile */ = {isa = PBXFileReference; lastKnownFileType = text; name = Rambafile; path = ../../Rambafile; sourceTree = "<group>"; };
		90CEA9BC234CF92B00F27354 /* TargetsCheckTests.xctest */ = {isa = PBXFileReference; explicitFileType = wrapper.cfbundle; includeInIndex = 0; path = TargetsCheckTests.xctest; sourceTree = BUILT_PRODUCTS_DIR; };
		90CEA9C0234CF92B00F27354 /* TargetsCheckTests.swift */ = {isa = PBXFileReference; lastKnownFileType = sourcecode.swift; path = TargetsCheckTests.swift; sourceTree = "<group>"; };
		90CEA9C3234CF92B00F27354 /* .gitkeep */ = {isa = PBXFileReference; lastKnownFileType = text; path = .gitkeep; sourceTree = "<group>"; };
		90CEA9C4234CF92B00F27354 /* .gitkeep */ = {isa = PBXFileReference; lastKnownFileType = text; path = .gitkeep; sourceTree = "<group>"; };
		90CEA9C5234CF92B00F27354 /* XCTestCase.swift */ = {isa = PBXFileReference; lastKnownFileType = sourcecode.swift; path = XCTestCase.swift; sourceTree = "<group>"; };
		90CEA9C7234CF92B00F27354 /* Info.plist */ = {isa = PBXFileReference; lastKnownFileType = text.plist.xml; path = Info.plist; sourceTree = "<group>"; };
		90F0FE60234E395700E6E46B /* TargetsCheck Debug.app */ = {isa = PBXFileReference; explicitFileType = wrapper.application; includeInIndex = 0; path = "TargetsCheck Debug.app"; sourceTree = BUILT_PRODUCTS_DIR; };
		90F0FE64234E3A2A00E6E46B /* Info.plist */ = {isa = PBXFileReference; lastKnownFileType = text.plist.xml; path = Info.plist; sourceTree = "<group>"; };
		90F0FE65234E3A3400E6E46B /* Info.plist */ = {isa = PBXFileReference; lastKnownFileType = text.plist.xml; path = Info.plist; sourceTree = "<group>"; };
		A6BE1C4BF6A61E074D8D3539 /* Pods-TargetsCheck.debug.xcconfig */ = {isa = PBXFileReference; includeInIndex = 1; lastKnownFileType = text.xcconfig; name = "Pods-TargetsCheck.debug.xcconfig"; path = "Target Support Files/Pods-TargetsCheck/Pods-TargetsCheck.debug.xcconfig"; sourceTree = "<group>"; };
		A6E5271387E79E88BB0533F2 /* Pods_TargetsCheck_Debug.framework */ = {isa = PBXFileReference; explicitFileType = wrapper.framework; includeInIndex = 0; path = Pods_TargetsCheck_Debug.framework; sourceTree = BUILT_PRODUCTS_DIR; };
		F3E532E3776149A7483B548A /* Pods-TargetsCheck.release.xcconfig */ = {isa = PBXFileReference; includeInIndex = 1; lastKnownFileType = text.xcconfig; name = "Pods-TargetsCheck.release.xcconfig"; path = "Target Support Files/Pods-TargetsCheck/Pods-TargetsCheck.release.xcconfig"; sourceTree = "<group>"; };
/* End PBXFileReference section */

/* Begin PBXFrameworksBuildPhase section */
		90CEA95B234CF92B00F27354 /* Frameworks */ = {
			isa = PBXFrameworksBuildPhase;
			buildActionMask = 2147483647;
			files = (
				AB907D3491AC0F528F2A3B6E /* Pods_TargetsCheck.framework in Frameworks */,
			);
			runOnlyForDeploymentPostprocessing = 0;
		};
		90CEA9B9234CF92B00F27354 /* Frameworks */ = {
			isa = PBXFrameworksBuildPhase;
			buildActionMask = 2147483647;
			files = (
			);
			runOnlyForDeploymentPostprocessing = 0;
		};
		90F0FE50234E395700E6E46B /* Frameworks */ = {
			isa = PBXFrameworksBuildPhase;
			buildActionMask = 2147483647;
			files = (
				5FD3C65337805C3F31AB686C /* Pods_TargetsCheck_Debug.framework in Frameworks */,
			);
			runOnlyForDeploymentPostprocessing = 0;
		};
/* End PBXFrameworksBuildPhase section */

/* Begin PBXGroup section */
		198E5B6F54125AE444CECAFE /* Frameworks */ = {
			isa = PBXGroup;
			children = (
				A6E5271387E79E88BB0533F2 /* Pods_TargetsCheck_Debug.framework */,
			);
			name = Frameworks;
			sourceTree = "<group>";
		};
		90CEA955234CF92B00F27354 = {
			isa = PBXGroup;
			children = (
				198E5B6F54125AE444CECAFE /* Frameworks */,
				AAA6803F175B141513EC70CB /* Pods */,
				90CEA961234CF92B00F27354 /* Products */,
				90CEA962234CF92B00F27354 /* TargetsCheck */,
				90CEA9BF234CF92B00F27354 /* TargetsCheckTests */,
			);
			sourceTree = "<group>";
		};
		90CEA961234CF92B00F27354 /* Products */ = {
			isa = PBXGroup;
			children = (
				90CEA960234CF92B00F27354 /* TargetsCheck.app */,
				90CEA9BC234CF92B00F27354 /* TargetsCheckTests.xctest */,
				90F0FE60234E395700E6E46B /* TargetsCheck Debug.app */,
			);
			name = Products;
			sourceTree = "<group>";
		};
		90CEA962234CF92B00F27354 /* TargetsCheck */ = {
			isa = PBXGroup;
			children = (
				90CEA98B234CF92B00F27354 /* Application */,
				90CEA992234CF92B00F27354 /* Flows */,
				90CEA97E234CF92B00F27354 /* Library */,
				90CEA979234CF92B00F27354 /* Models */,
				90CEA963234CF92B00F27354 /* Non-iOS Resources */,
				90CEA970234CF92B00F27354 /* Resources */,
				90CEA96E234CF92B00F27354 /* Services */,
				90CEA96C234CF92B00F27354 /* Third Party */,
			);
			path = TargetsCheck;
			sourceTree = "<group>";
		};
		90CEA963234CF92B00F27354 /* Non-iOS Resources */ = {
			isa = PBXGroup;
			children = (
				90CEA964234CF92B00F27354 /* fastlane */,
				90CEA966234CF92B00F27354 /* ci */,
				90CEA968234CF92B00F27354 /* Podfile */,
				90CEA96A234CF92B00F27354 /* .gitignore */,
				90CEA99F234CF92B00F27354 /* swiftgen.yml */,
				90CEA9A1234CF92B00F27354 /* .swiftlint.yml */,
				90CEA9A3234CF92B00F27354 /* Gemfile */,
				90CEA9A4234CF92B00F27354 /* commit-msg */,
				90CEA9A5234CF92B00F27354 /* README.md */,
				90CEA9B5234CF92B00F27354 /* Makefile */,
				90CEA9B6234CF92B00F27354 /* Rambafile */,
			);
			path = "Non-iOS Resources";
			sourceTree = "<group>";
		};
		90CEA96C234CF92B00F27354 /* Third Party */ = {
			isa = PBXGroup;
			children = (
				90CEA96D234CF92B00F27354 /* .gitkeep */,
			);
			path = "Third Party";
			sourceTree = "<group>";
		};
		90CEA96E234CF92B00F27354 /* Services */ = {
			isa = PBXGroup;
			children = (
				90CEA96F234CF92B00F27354 /* .gitkeep */,
			);
			path = Services;
			sourceTree = "<group>";
		};
		90CEA970234CF92B00F27354 /* Resources */ = {
			isa = PBXGroup;
			children = (
				90CEA99C234CF92B00F27354 /* Colors */,
				90CEA975234CF92B00F27354 /* Constants */,
				90CEA977234CF92B00F27354 /* Fonts */,
				90CEA973234CF92B00F27354 /* Images */,
				90CEA971234CF92B00F27354 /* Strings */,
			);
			path = Resources;
			sourceTree = "<group>";
		};
		90CEA971234CF92B00F27354 /* Strings */ = {
			isa = PBXGroup;
			children = (
				90CEA972234CF92B00F27354 /* .gitkeep */,
				90CEA994234CF92B00F27354 /* Localizable.strings */,
				90CEA99A234CF92B00F27354 /* Strings.swift */,
			);
			path = Strings;
			sourceTree = "<group>";
		};
		90CEA973234CF92B00F27354 /* Images */ = {
			isa = PBXGroup;
			children = (
				90CEA974234CF92B00F27354 /* .gitkeep */,
				90CEA996234CF92B00F27354 /* Assets.swift */,
				90CEA98E234CF92B00F27354 /* Assets.xcassets */,
			);
			path = Images;
			sourceTree = "<group>";
		};
		90CEA975234CF92B00F27354 /* Constants */ = {
			isa = PBXGroup;
			children = (
				90CEA976234CF92B00F27354 /* .gitkeep */,
			);
			path = Constants;
			sourceTree = "<group>";
		};
		90CEA977234CF92B00F27354 /* Fonts */ = {
			isa = PBXGroup;
			children = (
				90CEA978234CF92B00F27354 /* .gitkeep */,
				90CEA998234CF92B00F27354 /* Fonts.swift */,
			);
			path = Fonts;
			sourceTree = "<group>";
		};
		90CEA979234CF92B00F27354 /* Models */ = {
			isa = PBXGroup;
			children = (
				90CEA97A234CF92B00F27354 /* Entity */,
				90CEA97C234CF92B00F27354 /* Entry */,
			);
			path = Models;
			sourceTree = "<group>";
		};
		90CEA97A234CF92B00F27354 /* Entity */ = {
			isa = PBXGroup;
			children = (
				90CEA97B234CF92B00F27354 /* .gitkeep */,
			);
			path = Entity;
			sourceTree = "<group>";
		};
		90CEA97C234CF92B00F27354 /* Entry */ = {
			isa = PBXGroup;
			children = (
				90CEA97D234CF92B00F27354 /* .gitkeep */,
			);
			path = Entry;
			sourceTree = "<group>";
		};
		90CEA97E234CF92B00F27354 /* Library */ = {
			isa = PBXGroup;
			children = (
				90CEA97F234CF92B00F27354 /* Base Classes */,
				90CEA983234CF92B00F27354 /* Extensions */,
				90CEA987234CF92B00F27354 /* Protocols */,
				90CEA985234CF92B00F27354 /* Reusable Layer */,
				90CEA989234CF92B00F27354 /* Routers */,
				90CEA981234CF92B00F27354 /* Utils */,
			);
			path = Library;
			sourceTree = "<group>";
		};
		90CEA97F234CF92B00F27354 /* Base Classes */ = {
			isa = PBXGroup;
			children = (
				90CEA980234CF92B00F27354 /* .gitkeep */,
				90CEA9A6234CF92B00F27354 /* BaseCoordinator.swift */,
			);
			path = "Base Classes";
			sourceTree = "<group>";
		};
		90CEA981234CF92B00F27354 /* Utils */ = {
			isa = PBXGroup;
			children = (
				90CEA982234CF92B00F27354 /* .gitkeep */,
			);
			path = Utils;
			sourceTree = "<group>";
		};
		90CEA983234CF92B00F27354 /* Extensions */ = {
			isa = PBXGroup;
			children = (
				90CEA9A8234CF92B00F27354 /* UIKit */,
				90CEA984234CF92B00F27354 /* .gitkeep */,
			);
			path = Extensions;
			sourceTree = "<group>";
		};
		90CEA985234CF92B00F27354 /* Reusable Layer */ = {
			isa = PBXGroup;
			children = (
				90CEA986234CF92B00F27354 /* .gitkeep */,
			);
			path = "Reusable Layer";
			sourceTree = "<group>";
		};
		90CEA987234CF92B00F27354 /* Protocols */ = {
			isa = PBXGroup;
			children = (
				90CEA988234CF92B00F27354 /* .gitkeep */,
				90CEA9AB234CF92B00F27354 /* Coordinator.swift */,
				90CEA9AD234CF92B00F27354 /* Presentable.swift */,
				90CEA9AF234CF92B00F27354 /* Router.swift */,
			);
			path = Protocols;
			sourceTree = "<group>";
		};
		90CEA989234CF92B00F27354 /* Routers */ = {
			isa = PBXGroup;
			children = (
				90CEA98A234CF92B00F27354 /* .gitkeep */,
				90CEA9B1234CF92B00F27354 /* MainRouter.swift */,
			);
			path = Routers;
			sourceTree = "<group>";
		};
		90CEA98B234CF92B00F27354 /* Application */ = {
			isa = PBXGroup;
			children = (
				90F0FE62234E39E800E6E46B /* Debug */,
				90F0FE63234E39EC00E6E46B /* Release */,
				90CEA990234CF92B00F27354 /* AppDelegate.swift */,
				90CEA9B3234CF92B00F27354 /* DeepLinkOption.swift */,
				90CEA98C234CF92B00F27354 /* LaunchScreen.xib */,
			);
			path = Application;
			sourceTree = "<group>";
		};
		90CEA992234CF92B00F27354 /* Flows */ = {
			isa = PBXGroup;
			children = (
				90CEA993234CF92B00F27354 /* .gitkeep */,
			);
			path = Flows;
			sourceTree = "<group>";
		};
		90CEA99C234CF92B00F27354 /* Colors */ = {
			isa = PBXGroup;
			children = (
				90CEA99D234CF92B00F27354 /* Colors.swift */,
			);
			path = Colors;
			sourceTree = "<group>";
		};
		90CEA9A8234CF92B00F27354 /* UIKit */ = {
			isa = PBXGroup;
			children = (
				90CEA9A9234CF92B00F27354 /* UIApplication.swift */,
			);
			path = UIKit;
			sourceTree = "<group>";
		};
		90CEA9BF234CF92B00F27354 /* TargetsCheckTests */ = {
			isa = PBXGroup;
			children = (
				90CEA9C2234CF92B00F27354 /* Tests */,
				90CEA9C4234CF92B00F27354 /* .gitkeep */,
				90CEA9C7234CF92B00F27354 /* Info.plist */,
				90CEA9C0234CF92B00F27354 /* TargetsCheckTests.swift */,
				90CEA9C5234CF92B00F27354 /* XCTestCase.swift */,
			);
			path = TargetsCheckTests;
			sourceTree = "<group>";
		};
		90CEA9C2234CF92B00F27354 /* Tests */ = {
			isa = PBXGroup;
			children = (
				90CEA9C3234CF92B00F27354 /* .gitkeep */,
			);
			path = Tests;
			sourceTree = "<group>";
		};
		90F0FE62234E39E800E6E46B /* Debug */ = {
			isa = PBXGroup;
			children = (
				90F0FE64234E3A2A00E6E46B /* Info.plist */,
			);
			path = Debug;
			sourceTree = "<group>";
		};
		90F0FE63234E39EC00E6E46B /* Release */ = {
			isa = PBXGroup;
			children = (
				90F0FE65234E3A3400E6E46B /* Info.plist */,
			);
			path = Release;
			sourceTree = "<group>";
		};
		AAA6803F175B141513EC70CB /* Pods */ = {
			isa = PBXGroup;
			children = (
				A6BE1C4BF6A61E074D8D3539 /* Pods-TargetsCheck.debug.xcconfig */,
				F3E532E3776149A7483B548A /* Pods-TargetsCheck.release.xcconfig */,
				13181238C29A0F2DEEE88884 /* Pods-TargetsCheck Debug.debug.xcconfig */,
				8A6D35225EF03CDE6EAF994E /* Pods-TargetsCheck Debug.release.xcconfig */,
			);
			path = Pods;
			sourceTree = "<group>";
		};
/* End PBXGroup section */

/* Begin PBXNativeTarget section */
		90CEA95F234CF92B00F27354 /* TargetsCheck */ = {
			isa = PBXNativeTarget;
			buildConfigurationList = 90CEA9CA234CF92B00F27354 /* Build configuration list for PBXNativeTarget "TargetsCheck" */;
			buildPhases = (
				2DE46C40E3280F78DC84EC41 /* [CP] Check Pods Manifest.lock */,
				90CEA95E234CF92B00F27354 /* Swift Gen */,
				90CEA95D234CF92B00F27354 /* Swift Lint */,
				90CEA95A234CF92B00F27354 /* Sources */,
				90CEA95B234CF92B00F27354 /* Frameworks */,
				90CEA95C234CF92B00F27354 /* Resources */,
				66DAD1D738186ED5B6E2D0A1 /* [CP] Embed Pods Frameworks */,
			);
			buildRules = (
			);
			dependencies = (
			);
			name = TargetsCheck;
			productName = TargetsCheck;
			productReference = 90CEA960234CF92B00F27354 /* TargetsCheck.app */;
			productType = "com.apple.product-type.application";
		};
		90CEA9BB234CF92B00F27354 /* TargetsCheckTests */ = {
			isa = PBXNativeTarget;
			buildConfigurationList = 90CEA9CD234CF92B00F27354 /* Build configuration list for PBXNativeTarget "TargetsCheckTests" */;
			buildPhases = (
				90CEA9B8234CF92B00F27354 /* Sources */,
				90CEA9B9234CF92B00F27354 /* Frameworks */,
				90CEA9BA234CF92B00F27354 /* Resources */,
			);
			buildRules = (
			);
			dependencies = (
				90CEA9BE234CF92B00F27354 /* PBXTargetDependency */,
			);
			name = TargetsCheckTests;
			productName = TargetsCheckTests;
			productReference = 90CEA9BC234CF92B00F27354 /* TargetsCheckTests.xctest */;
			productType = "com.apple.product-type.bundle.unit-test";
		};
		90F0FE3F234E395700E6E46B /* TargetsCheck Debug */ = {
			isa = PBXNativeTarget;
			buildConfigurationList = 90F0FE5D234E395700E6E46B /* Build configuration list for PBXNativeTarget "TargetsCheck Debug" */;
			buildPhases = (
				90F0FE42234E395700E6E46B /* [CP] Check Pods Manifest.lock */,
				90F0FE40234E395700E6E46B /* Swift Gen */,
				90F0FE41234E395700E6E46B /* Swift Lint */,
				90F0FE43234E395700E6E46B /* Sources */,
				90F0FE50234E395700E6E46B /* Frameworks */,
				90F0FE52234E395700E6E46B /* Resources */,
				90F0FE5C234E395700E6E46B /* [CP] Embed Pods Frameworks */,
			);
			buildRules = (
			);
			dependencies = (
			);
			name = "TargetsCheck Debug";
			productName = TargetsCheck;
			productReference = 90F0FE60234E395700E6E46B /* TargetsCheck Debug.app */;
			productType = "com.apple.product-type.application";
		};
/* End PBXNativeTarget section */

/* Begin PBXProject section */
		90CEA956234CF92B00F27354 /* Project object */ = {
			isa = PBXProject;
			attributes = {
				LastSwiftUpdateCheck = 1100;
				LastUpgradeCheck = 1100;
				ORGANIZATIONNAME = Surf;
				TargetAttributes = {
					90CEA95F234CF92B00F27354 = {
						CreatedOnToolsVersion = 11.0;
					};
					90CEA9BB234CF92B00F27354 = {
						CreatedOnToolsVersion = 11.0;
						TestTargetID = 90CEA95F234CF92B00F27354;
					};
				};
			};
			buildConfigurationList = 90CEA959234CF92B00F27354 /* Build configuration list for PBXProject "TargetsCheck" */;
			compatibilityVersion = "Xcode 9.3";
			developmentRegion = en;
			hasScannedForEncodings = 0;
			knownRegions = (
				en,
				Base,
			);
			mainGroup = 90CEA955234CF92B00F27354;
			productRefGroup = 90CEA961234CF92B00F27354 /* Products */;
			projectDirPath = "";
			projectRoot = "";
			targets = (
				90CEA95F234CF92B00F27354 /* TargetsCheck */,
				90CEA9BB234CF92B00F27354 /* TargetsCheckTests */,
				90F0FE3F234E395700E6E46B /* TargetsCheck Debug */,
			);
		};
/* End PBXProject section */

/* Begin PBXResourcesBuildPhase section */
		90CEA95C234CF92B00F27354 /* Resources */ = {
			isa = PBXResourcesBuildPhase;
			buildActionMask = 2147483647;
			files = (
				90CEA9A2234CF92B00F27354 /* .swiftlint.yml in Resources */,
				90CEA98D234CF92B00F27354 /* LaunchScreen.xib in Resources */,
				90CEA96B234CF92B00F27354 /* .gitignore in Resources */,
				90CEA969234CF92B00F27354 /* Podfile in Resources */,
				90CEA9A0234CF92B00F27354 /* swiftgen.yml in Resources */,
				90CEA995234CF92B00F27354 /* Localizable.strings in Resources */,
				90CEA967234CF92B00F27354 /* ci in Resources */,
				90CEA98F234CF92B00F27354 /* Assets.xcassets in Resources */,
				90CEA965234CF92B00F27354 /* fastlane in Resources */,
			);
			runOnlyForDeploymentPostprocessing = 0;
		};
		90CEA9BA234CF92B00F27354 /* Resources */ = {
			isa = PBXResourcesBuildPhase;
			buildActionMask = 2147483647;
			files = (
			);
			runOnlyForDeploymentPostprocessing = 0;
		};
		90F0FE52234E395700E6E46B /* Resources */ = {
			isa = PBXResourcesBuildPhase;
			buildActionMask = 2147483647;
			files = (
				90F0FE53234E395700E6E46B /* .swiftlint.yml in Resources */,
				90F0FE54234E395700E6E46B /* LaunchScreen.xib in Resources */,
				90F0FE55234E395700E6E46B /* .gitignore in Resources */,
				90F0FE56234E395700E6E46B /* Podfile in Resources */,
				90F0FE57234E395700E6E46B /* swiftgen.yml in Resources */,
				90F0FE58234E395700E6E46B /* Localizable.strings in Resources */,
				90F0FE59234E395700E6E46B /* ci in Resources */,
				90F0FE5A234E395700E6E46B /* Assets.xcassets in Resources */,
				90F0FE5B234E395700E6E46B /* fastlane in Resources */,
			);
			runOnlyForDeploymentPostprocessing = 0;
		};
/* End PBXResourcesBuildPhase section */

/* Begin PBXShellScriptBuildPhase section */
		2DE46C40E3280F78DC84EC41 /* [CP] Check Pods Manifest.lock */ = {
			isa = PBXShellScriptBuildPhase;
			buildActionMask = 2147483647;
			files = (
			);
			inputFileListPaths = (
			);
			inputPaths = (
				"${PODS_PODFILE_DIR_PATH}/Podfile.lock",
				"${PODS_ROOT}/Manifest.lock",
			);
			name = "[CP] Check Pods Manifest.lock";
			outputFileListPaths = (
			);
			outputPaths = (
				"$(DERIVED_FILE_DIR)/Pods-TargetsCheck-checkManifestLockResult.txt",
			);
			runOnlyForDeploymentPostprocessing = 0;
			shellPath = /bin/sh;
			shellScript = "diff \"${PODS_PODFILE_DIR_PATH}/Podfile.lock\" \"${PODS_ROOT}/Manifest.lock\" > /dev/null\nif [ $? != 0 ] ; then\n    # print error to STDERR\n    echo \"error: The sandbox is not in sync with the Podfile.lock. Run 'pod install' or update your CocoaPods installation.\" >&2\n    exit 1\nfi\n# This output is used by Xcode 'outputs' to avoid re-running this script phase.\necho \"SUCCESS\" > \"${SCRIPT_OUTPUT_FILE_0}\"\n";
			showEnvVarsInLog = 0;
		};
		66DAD1D738186ED5B6E2D0A1 /* [CP] Embed Pods Frameworks */ = {
			isa = PBXShellScriptBuildPhase;
			buildActionMask = 2147483647;
			files = (
			);
			inputFileListPaths = (
				"${PODS_ROOT}/Target Support Files/Pods-TargetsCheck/Pods-TargetsCheck-frameworks-${CONFIGURATION}-input-files.xcfilelist",
			);
			name = "[CP] Embed Pods Frameworks";
			outputFileListPaths = (
				"${PODS_ROOT}/Target Support Files/Pods-TargetsCheck/Pods-TargetsCheck-frameworks-${CONFIGURATION}-output-files.xcfilelist",
			);
			runOnlyForDeploymentPostprocessing = 0;
			shellPath = /bin/sh;
			shellScript = "\"${PODS_ROOT}/Target Support Files/Pods-TargetsCheck/Pods-TargetsCheck-frameworks.sh\"\n";
			showEnvVarsInLog = 0;
		};
		90CEA95D234CF92B00F27354 /* Swift Lint */ = {
			isa = PBXShellScriptBuildPhase;
			buildActionMask = 2147483647;
			files = (
			);
			inputFileListPaths = (
			);
			inputPaths = (
			);
			name = "Swift Lint";
			outputFileListPaths = (
			);
			outputPaths = (
			);
			runOnlyForDeploymentPostprocessing = 0;
			shellPath = /bin/sh;
			shellScript = "${SRCROOT}/Pods/SwiftLint/swiftlint --config \"${SRCROOT}/.swiftlint.yml\"";
		};
		90CEA95E234CF92B00F27354 /* Swift Gen */ = {
			isa = PBXShellScriptBuildPhase;
			buildActionMask = 2147483647;
			files = (
			);
			inputFileListPaths = (
			);
			inputPaths = (
			);
			name = "Swift Gen";
			outputFileListPaths = (
			);
			outputPaths = (
			);
			runOnlyForDeploymentPostprocessing = 0;
			shellPath = /bin/sh;
			shellScript = "${SRCROOT}/Pods/SwiftGen/bin/swiftgen";
		};
		90F0FE40234E395700E6E46B /* Swift Gen */ = {
			isa = PBXShellScriptBuildPhase;
			buildActionMask = 2147483647;
			files = (
			);
			inputFileListPaths = (
			);
			inputPaths = (
			);
			name = "Swift Gen";
			outputFileListPaths = (
			);
			outputPaths = (
			);
			runOnlyForDeploymentPostprocessing = 0;
			shellPath = /bin/sh;
			shellScript = "${SRCROOT}/Pods/SwiftGen/bin/swiftgen";
		};
		90F0FE41234E395700E6E46B /* Swift Lint */ = {
			isa = PBXShellScriptBuildPhase;
			buildActionMask = 2147483647;
			files = (
			);
			inputFileListPaths = (
			);
			inputPaths = (
			);
			name = "Swift Lint";
			outputFileListPaths = (
			);
			outputPaths = (
			);
			runOnlyForDeploymentPostprocessing = 0;
			shellPath = /bin/sh;
			shellScript = "${SRCROOT}/Pods/SwiftLint/swiftlint --config \"${SRCROOT}/.swiftlint.yml\"";
		};
		90F0FE42234E395700E6E46B /* [CP] Check Pods Manifest.lock */ = {
			isa = PBXShellScriptBuildPhase;
			buildActionMask = 2147483647;
			files = (
			);
			inputFileListPaths = (
			);
			inputPaths = (
				"${PODS_PODFILE_DIR_PATH}/Podfile.lock",
				"${PODS_ROOT}/Manifest.lock",
			);
			name = "[CP] Check Pods Manifest.lock";
			outputFileListPaths = (
			);
			outputPaths = (
				"$(DERIVED_FILE_DIR)/Pods-TargetsCheck Debug-checkManifestLockResult.txt",
			);
			runOnlyForDeploymentPostprocessing = 0;
			shellPath = /bin/sh;
			shellScript = "diff \"${PODS_PODFILE_DIR_PATH}/Podfile.lock\" \"${PODS_ROOT}/Manifest.lock\" > /dev/null\nif [ $? != 0 ] ; then\n    # print error to STDERR\n    echo \"error: The sandbox is not in sync with the Podfile.lock. Run 'pod install' or update your CocoaPods installation.\" >&2\n    exit 1\nfi\n# This output is used by Xcode 'outputs' to avoid re-running this script phase.\necho \"SUCCESS\" > \"${SCRIPT_OUTPUT_FILE_0}\"\n";
			showEnvVarsInLog = 0;
		};
		90F0FE5C234E395700E6E46B /* [CP] Embed Pods Frameworks */ = {
			isa = PBXShellScriptBuildPhase;
			buildActionMask = 2147483647;
			files = (
			);
			inputFileListPaths = (
				"${PODS_ROOT}/Target Support Files/Pods-TargetsCheck Debug/Pods-TargetsCheck Debug-frameworks-${CONFIGURATION}-input-files.xcfilelist",
			);
			name = "[CP] Embed Pods Frameworks";
			outputFileListPaths = (
				"${PODS_ROOT}/Target Support Files/Pods-TargetsCheck Debug/Pods-TargetsCheck Debug-frameworks-${CONFIGURATION}-output-files.xcfilelist",
			);
			runOnlyForDeploymentPostprocessing = 0;
			shellPath = /bin/sh;
			shellScript = "\"${PODS_ROOT}/Target Support Files/Pods-TargetsCheck Debug/Pods-TargetsCheck Debug-frameworks.sh\"\n";
			showEnvVarsInLog = 0;
		};
/* End PBXShellScriptBuildPhase section */

/* Begin PBXSourcesBuildPhase section */
		90CEA95A234CF92B00F27354 /* Sources */ = {
			isa = PBXSourcesBuildPhase;
			buildActionMask = 2147483647;
			files = (
				90CEA9AC234CF92B00F27354 /* Coordinator.swift in Sources */,
				90CEA997234CF92B00F27354 /* Assets.swift in Sources */,
				90CEA9B0234CF92B00F27354 /* Router.swift in Sources */,
				90CEA9AA234CF92B00F27354 /* UIApplication.swift in Sources */,
				90CEA9B4234CF92B00F27354 /* DeepLinkOption.swift in Sources */,
				90CEA9A7234CF92B00F27354 /* BaseCoordinator.swift in Sources */,
				90CEA99E234CF92B00F27354 /* Colors.swift in Sources */,
				90CEA999234CF92B00F27354 /* Fonts.swift in Sources */,
				90CEA99B234CF92B00F27354 /* Strings.swift in Sources */,
				90CEA991234CF92B00F27354 /* AppDelegate.swift in Sources */,
				90CEA9B2234CF92B00F27354 /* MainRouter.swift in Sources */,
				90CEA9AE234CF92B00F27354 /* Presentable.swift in Sources */,
			);
			runOnlyForDeploymentPostprocessing = 0;
		};
		90CEA9B8234CF92B00F27354 /* Sources */ = {
			isa = PBXSourcesBuildPhase;
			buildActionMask = 2147483647;
			files = (
				90CEA9C6234CF92B00F27354 /* XCTestCase.swift in Sources */,
				90CEA9C1234CF92B00F27354 /* TargetsCheckTests.swift in Sources */,
			);
			runOnlyForDeploymentPostprocessing = 0;
		};
		90F0FE43234E395700E6E46B /* Sources */ = {
			isa = PBXSourcesBuildPhase;
			buildActionMask = 2147483647;
			files = (
				90F0FE44234E395700E6E46B /* Coordinator.swift in Sources */,
				90F0FE45234E395700E6E46B /* Assets.swift in Sources */,
				90F0FE46234E395700E6E46B /* Router.swift in Sources */,
				90F0FE47234E395700E6E46B /* UIApplication.swift in Sources */,
				90F0FE48234E395700E6E46B /* DeepLinkOption.swift in Sources */,
				90F0FE49234E395700E6E46B /* BaseCoordinator.swift in Sources */,
				90F0FE4A234E395700E6E46B /* Colors.swift in Sources */,
				90F0FE4B234E395700E6E46B /* Fonts.swift in Sources */,
				90F0FE4C234E395700E6E46B /* Strings.swift in Sources */,
				90F0FE4D234E395700E6E46B /* AppDelegate.swift in Sources */,
				90F0FE4E234E395700E6E46B /* MainRouter.swift in Sources */,
				90F0FE4F234E395700E6E46B /* Presentable.swift in Sources */,
			);
			runOnlyForDeploymentPostprocessing = 0;
		};
/* End PBXSourcesBuildPhase section */

/* Begin PBXTargetDependency section */
		90CEA9BE234CF92B00F27354 /* PBXTargetDependency */ = {
			isa = PBXTargetDependency;
			target = 90CEA95F234CF92B00F27354 /* TargetsCheck */;
			targetProxy = 90CEA9BD234CF92B00F27354 /* PBXContainerItemProxy */;
		};
/* End PBXTargetDependency section */

/* Begin XCBuildConfiguration section */
		90CEA9C8234CF92B00F27354 /* Debug */ = {
			isa = XCBuildConfiguration;
			buildSettings = {
				ALWAYS_SEARCH_USER_PATHS = NO;
				CLANG_ANALYZER_NONNULL = YES;
				CLANG_ANALYZER_NUMBER_OBJECT_CONVERSION = YES_AGGRESSIVE;
				CLANG_CXX_LANGUAGE_STANDARD = "gnu++14";
				CLANG_CXX_LIBRARY = "libc++";
				CLANG_ENABLE_MODULES = YES;
				CLANG_ENABLE_OBJC_ARC = YES;
				CLANG_ENABLE_OBJC_WEAK = YES;
				CLANG_WARN_BLOCK_CAPTURE_AUTORELEASING = YES;
				CLANG_WARN_BOOL_CONVERSION = YES;
				CLANG_WARN_COMMA = YES;
				CLANG_WARN_CONSTANT_CONVERSION = YES;
				CLANG_WARN_DEPRECATED_OBJC_IMPLEMENTATIONS = YES;
				CLANG_WARN_DIRECT_OBJC_ISA_USAGE = YES_ERROR;
				CLANG_WARN_DOCUMENTATION_COMMENTS = YES;
				CLANG_WARN_EMPTY_BODY = YES;
				CLANG_WARN_ENUM_CONVERSION = YES;
				CLANG_WARN_INFINITE_RECURSION = YES;
				CLANG_WARN_INT_CONVERSION = YES;
				CLANG_WARN_NON_LITERAL_NULL_CONVERSION = YES;
				CLANG_WARN_OBJC_IMPLICIT_RETAIN_SELF = YES;
				CLANG_WARN_OBJC_LITERAL_CONVERSION = YES;
				CLANG_WARN_OBJC_ROOT_CLASS = YES_ERROR;
				CLANG_WARN_RANGE_LOOP_ANALYSIS = YES;
				CLANG_WARN_STRICT_PROTOTYPES = YES;
				CLANG_WARN_SUSPICIOUS_MOVE = YES;
				CLANG_WARN_UNGUARDED_AVAILABILITY = YES_AGGRESSIVE;
				CLANG_WARN_UNREACHABLE_CODE = YES;
				CLANG_WARN__DUPLICATE_METHOD_MATCH = YES;
				COPY_PHASE_STRIP = NO;
				DEBUG_INFORMATION_FORMAT = dwarf;
				ENABLE_STRICT_OBJC_MSGSEND = YES;
				ENABLE_TESTABILITY = YES;
				GCC_C_LANGUAGE_STANDARD = gnu11;
				GCC_DYNAMIC_NO_PIC = NO;
				GCC_NO_COMMON_BLOCKS = YES;
				GCC_OPTIMIZATION_LEVEL = 0;
				GCC_PREPROCESSOR_DEFINITIONS = (
					"DEBUG=1",
					"$(inherited)",
				);
				GCC_WARN_64_TO_32_BIT_CONVERSION = YES;
				GCC_WARN_ABOUT_RETURN_TYPE = YES_ERROR;
				GCC_WARN_UNDECLARED_SELECTOR = YES;
				GCC_WARN_UNINITIALIZED_AUTOS = YES_AGGRESSIVE;
				GCC_WARN_UNUSED_FUNCTION = YES;
				GCC_WARN_UNUSED_VARIABLE = YES;
				IPHONEOS_DEPLOYMENT_TARGET = 13.0;
				MTL_ENABLE_DEBUG_INFO = INCLUDE_SOURCE;
				MTL_FAST_MATH = YES;
				ONLY_ACTIVE_ARCH = YES;
				SDKROOT = iphoneos;
				SWIFT_ACTIVE_COMPILATION_CONDITIONS = DEBUG;
				SWIFT_OPTIMIZATION_LEVEL = "-Onone";
				TARGETED_DEVICE_FAMILY = "1,2";
			};
			name = Debug;
		};
		90CEA9C9234CF92B00F27354 /* Release */ = {
			isa = XCBuildConfiguration;
			buildSettings = {
				ALWAYS_SEARCH_USER_PATHS = NO;
				CLANG_ANALYZER_NONNULL = YES;
				CLANG_ANALYZER_NUMBER_OBJECT_CONVERSION = YES_AGGRESSIVE;
				CLANG_CXX_LANGUAGE_STANDARD = "gnu++14";
				CLANG_CXX_LIBRARY = "libc++";
				CLANG_ENABLE_MODULES = YES;
				CLANG_ENABLE_OBJC_ARC = YES;
				CLANG_ENABLE_OBJC_WEAK = YES;
				CLANG_WARN_BLOCK_CAPTURE_AUTORELEASING = YES;
				CLANG_WARN_BOOL_CONVERSION = YES;
				CLANG_WARN_COMMA = YES;
				CLANG_WARN_CONSTANT_CONVERSION = YES;
				CLANG_WARN_DEPRECATED_OBJC_IMPLEMENTATIONS = YES;
				CLANG_WARN_DIRECT_OBJC_ISA_USAGE = YES_ERROR;
				CLANG_WARN_DOCUMENTATION_COMMENTS = YES;
				CLANG_WARN_EMPTY_BODY = YES;
				CLANG_WARN_ENUM_CONVERSION = YES;
				CLANG_WARN_INFINITE_RECURSION = YES;
				CLANG_WARN_INT_CONVERSION = YES;
				CLANG_WARN_NON_LITERAL_NULL_CONVERSION = YES;
				CLANG_WARN_OBJC_IMPLICIT_RETAIN_SELF = YES;
				CLANG_WARN_OBJC_LITERAL_CONVERSION = YES;
				CLANG_WARN_OBJC_ROOT_CLASS = YES_ERROR;
				CLANG_WARN_RANGE_LOOP_ANALYSIS = YES;
				CLANG_WARN_STRICT_PROTOTYPES = YES;
				CLANG_WARN_SUSPICIOUS_MOVE = YES;
				CLANG_WARN_UNGUARDED_AVAILABILITY = YES_AGGRESSIVE;
				CLANG_WARN_UNREACHABLE_CODE = YES;
				CLANG_WARN__DUPLICATE_METHOD_MATCH = YES;
				COPY_PHASE_STRIP = NO;
				DEBUG_INFORMATION_FORMAT = "dwarf-with-dsym";
				ENABLE_NS_ASSERTIONS = NO;
				ENABLE_STRICT_OBJC_MSGSEND = YES;
				GCC_C_LANGUAGE_STANDARD = gnu11;
				GCC_NO_COMMON_BLOCKS = YES;
				GCC_WARN_64_TO_32_BIT_CONVERSION = YES;
				GCC_WARN_ABOUT_RETURN_TYPE = YES_ERROR;
				GCC_WARN_UNDECLARED_SELECTOR = YES;
				GCC_WARN_UNINITIALIZED_AUTOS = YES_AGGRESSIVE;
				GCC_WARN_UNUSED_FUNCTION = YES;
				GCC_WARN_UNUSED_VARIABLE = YES;
				IPHONEOS_DEPLOYMENT_TARGET = 13.0;
				MTL_ENABLE_DEBUG_INFO = NO;
				MTL_FAST_MATH = YES;
				SDKROOT = iphoneos;
				SWIFT_COMPILATION_MODE = wholemodule;
				SWIFT_OPTIMIZATION_LEVEL = "-O";
				TARGETED_DEVICE_FAMILY = "1,2";
				VALIDATE_PRODUCT = YES;
			};
			name = Release;
		};
		90CEA9CB234CF92B00F27354 /* Debug */ = {
			isa = XCBuildConfiguration;
			baseConfigurationReference = A6BE1C4BF6A61E074D8D3539 /* Pods-TargetsCheck.debug.xcconfig */;
			buildSettings = {
				ASSETCATALOG_COMPILER_APPICON_NAME = AppIcon;
				CODE_SIGN_STYLE = Automatic;
				DEVELOPMENT_TEAM = EFAAG9GXN4;
				INFOPLIST_FILE = "$(SRCROOT)/TargetsCheck/Application/Release/Info.plist";
				IPHONEOS_DEPLOYMENT_TARGET = 11.0;
				LD_RUNPATH_SEARCH_PATHS = (
					"$(inherited)",
					"@executable_path/Frameworks",
				);
				PRODUCT_BUNDLE_IDENTIFIER = ru.surfstudio.TargetsCheck;
				PRODUCT_NAME = "$(TARGET_NAME)";
				SWIFT_VERSION = 5.0;
				TARGETED_DEVICE_FAMILY = "1,2";
			};
			name = Debug;
		};
		90CEA9CC234CF92B00F27354 /* Release */ = {
			isa = XCBuildConfiguration;
			baseConfigurationReference = F3E532E3776149A7483B548A /* Pods-TargetsCheck.release.xcconfig */;
			buildSettings = {
				ASSETCATALOG_COMPILER_APPICON_NAME = AppIcon;
				CODE_SIGN_STYLE = Automatic;
				DEVELOPMENT_TEAM = EFAAG9GXN4;
				INFOPLIST_FILE = "$(SRCROOT)/TargetsCheck/Application/Release/Info.plist";
				IPHONEOS_DEPLOYMENT_TARGET = 11.0;
				LD_RUNPATH_SEARCH_PATHS = (
					"$(inherited)",
					"@executable_path/Frameworks",
				);
				PRODUCT_BUNDLE_IDENTIFIER = ru.surfstudio.TargetsCheck;
				PRODUCT_NAME = "$(TARGET_NAME)";
				SWIFT_VERSION = 5.0;
				TARGETED_DEVICE_FAMILY = "1,2";
			};
			name = Release;
		};
		90CEA9CE234CF92B00F27354 /* Debug */ = {
			isa = XCBuildConfiguration;
			buildSettings = {
				ALWAYS_EMBED_SWIFT_STANDARD_LIBRARIES = YES;
				BUNDLE_LOADER = "$(TEST_HOST)";
				CODE_SIGN_STYLE = Automatic;
				DEVELOPMENT_TEAM = EFAAG9GXN4;
				INFOPLIST_FILE = TargetsCheckTests/Info.plist;
				LD_RUNPATH_SEARCH_PATHS = (
					"$(inherited)",
					"@executable_path/Frameworks",
					"@loader_path/Frameworks",
				);
				PRODUCT_BUNDLE_IDENTIFIER = ru.surfstudio.TargetsCheckTests;
				PRODUCT_NAME = "$(TARGET_NAME)";
				SWIFT_VERSION = 5.0;
				TARGETED_DEVICE_FAMILY = "1,2";
				TEST_HOST = "$(BUILT_PRODUCTS_DIR)/TargetsCheck.app/TargetsCheck";
			};
			name = Debug;
		};
		90CEA9CF234CF92B00F27354 /* Release */ = {
			isa = XCBuildConfiguration;
			buildSettings = {
				ALWAYS_EMBED_SWIFT_STANDARD_LIBRARIES = YES;
				BUNDLE_LOADER = "$(TEST_HOST)";
				CODE_SIGN_STYLE = Automatic;
				DEVELOPMENT_TEAM = EFAAG9GXN4;
				INFOPLIST_FILE = TargetsCheckTests/Info.plist;
				LD_RUNPATH_SEARCH_PATHS = (
					"$(inherited)",
					"@executable_path/Frameworks",
					"@loader_path/Frameworks",
				);
				PRODUCT_BUNDLE_IDENTIFIER = ru.surfstudio.TargetsCheckTests;
				PRODUCT_NAME = "$(TARGET_NAME)";
				SWIFT_VERSION = 5.0;
				TARGETED_DEVICE_FAMILY = "1,2";
				TEST_HOST = "$(BUILT_PRODUCTS_DIR)/TargetsCheck.app/TargetsCheck";
			};
			name = Release;
		};
		90F0FE5E234E395700E6E46B /* Debug */ = {
			isa = XCBuildConfiguration;
			baseConfigurationReference = 13181238C29A0F2DEEE88884 /* Pods-TargetsCheck Debug.debug.xcconfig */;
			buildSettings = {
				ASSETCATALOG_COMPILER_APPICON_NAME = AppIconDebug;
				CODE_SIGN_STYLE = Automatic;
				DEVELOPMENT_TEAM = EFAAG9GXN4;
				INFOPLIST_FILE = "$(SRCROOT)/TargetsCheck/Application/Debug/Info.plist";
				IPHONEOS_DEPLOYMENT_TARGET = 11.0;
				LD_RUNPATH_SEARCH_PATHS = (
					"$(inherited)",
					"@executable_path/Frameworks",
				);
				PRODUCT_BUNDLE_IDENTIFIER = ru.surfstudio.TargetsCheck.dev;
				PRODUCT_NAME = "$(TARGET_NAME)";
				SWIFT_VERSION = 5.0;
				TARGETED_DEVICE_FAMILY = "1,2";
			};
			name = Debug;
		};
		90F0FE5F234E395700E6E46B /* Release */ = {
			isa = XCBuildConfiguration;
			baseConfigurationReference = 8A6D35225EF03CDE6EAF994E /* Pods-TargetsCheck Debug.release.xcconfig */;
			buildSettings = {
				ASSETCATALOG_COMPILER_APPICON_NAME = AppIconDebug;
				CODE_SIGN_STYLE = Automatic;
				DEVELOPMENT_TEAM = EFAAG9GXN4;
				INFOPLIST_FILE = "$(SRCROOT)/TargetsCheck/Application/Debug/Info.plist";
				IPHONEOS_DEPLOYMENT_TARGET = 11.0;
				LD_RUNPATH_SEARCH_PATHS = (
					"$(inherited)",
					"@executable_path/Frameworks",
				);
				PRODUCT_BUNDLE_IDENTIFIER = ru.surfstudio.TargetsCheck.dev;
				PRODUCT_NAME = "$(TARGET_NAME)";
				SWIFT_VERSION = 5.0;
				TARGETED_DEVICE_FAMILY = "1,2";
			};
			name = Release;
		};
/* End XCBuildConfiguration section */

/* Begin XCConfigurationList section */
		90CEA959234CF92B00F27354 /* Build configuration list for PBXProject "TargetsCheck" */ = {
			isa = XCConfigurationList;
			buildConfigurations = (
				90CEA9C8234CF92B00F27354 /* Debug */,
				90CEA9C9234CF92B00F27354 /* Release */,
			);
			defaultConfigurationIsVisible = 0;
			defaultConfigurationName = Release;
		};
		90CEA9CA234CF92B00F27354 /* Build configuration list for PBXNativeTarget "TargetsCheck" */ = {
			isa = XCConfigurationList;
			buildConfigurations = (
				90CEA9CB234CF92B00F27354 /* Debug */,
				90CEA9CC234CF92B00F27354 /* Release */,
			);
			defaultConfigurationIsVisible = 0;
			defaultConfigurationName = Release;
		};
		90CEA9CD234CF92B00F27354 /* Build configuration list for PBXNativeTarget "TargetsCheckTests" */ = {
			isa = XCConfigurationList;
			buildConfigurations = (
				90CEA9CE234CF92B00F27354 /* Debug */,
				90CEA9CF234CF92B00F27354 /* Release */,
			);
			defaultConfigurationIsVisible = 0;
			defaultConfigurationName = Release;
		};
		90F0FE5D234E395700E6E46B /* Build configuration list for PBXNativeTarget "TargetsCheck Debug" */ = {
			isa = XCConfigurationList;
			buildConfigurations = (
				90F0FE5E234E395700E6E46B /* Debug */,
				90F0FE5F234E395700E6E46B /* Release */,
			);
			defaultConfigurationIsVisible = 0;
			defaultConfigurationName = Release;
		};
/* End XCConfigurationList section */
	};
	rootObject = 90CEA956234CF92B00F27354 /* Project object */;
}
